// !$*UTF8*$!
{
	archiveVersion = 1;
	classes = {
	};
	objectVersion = 46;
	objects = {

/* Begin PBXBuildFile section */
		E71F54261ECBA711006D265D /* LBFilePlayer.m in Sources */ = {isa = PBXBuildFile; fileRef = E71F54251ECBA711006D265D /* LBFilePlayer.m */; };
		E71F543A1ECBA850006D265D /* AVFoundation.framework in Frameworks */ = {isa = PBXBuildFile; fileRef = E71F54391ECBA850006D265D /* AVFoundation.framework */; };
		E7221C791ED86CDD0002CE1A /* LBAlbumViewController.m in Sources */ = {isa = PBXBuildFile; fileRef = E7221C781ED86CDD0002CE1A /* LBAlbumViewController.m */; };
		E7221C7C1ED8880F0002CE1A /* LBAlbumArtworkTableViewCell.m in Sources */ = {isa = PBXBuildFile; fileRef = E7221C7B1ED8880F0002CE1A /* LBAlbumArtworkTableViewCell.m */; };
		E7221C7F1ED888240002CE1A /* LBAlbumTrackTableViewCell.m in Sources */ = {isa = PBXBuildFile; fileRef = E7221C7E1ED888240002CE1A /* LBAlbumTrackTableViewCell.m */; };
		E73A65D71EBB73A0004181DB /* main.m in Sources */ = {isa = PBXBuildFile; fileRef = E73A65D61EBB73A0004181DB /* main.m */; };
		E73A65DA1EBB73A0004181DB /* AppDelegate.m in Sources */ = {isa = PBXBuildFile; fileRef = E73A65D91EBB73A0004181DB /* AppDelegate.m */; };
		E73A65DD1EBB73A0004181DB /* Liber.xcdatamodeld in Sources */ = {isa = PBXBuildFile; fileRef = E73A65DB1EBB73A0004181DB /* Liber.xcdatamodeld */; };
		E73A65E01EBB73A0004181DB /* LBMasterViewController.m in Sources */ = {isa = PBXBuildFile; fileRef = E73A65DF1EBB73A0004181DB /* LBMasterViewController.m */; };
		E73A65E31EBB73A0004181DB /* LBMusicCollectionViewController.m in Sources */ = {isa = PBXBuildFile; fileRef = E73A65E21EBB73A0004181DB /* LBMusicCollectionViewController.m */; };
		E73A65E61EBB73A0004181DB /* Main.storyboard in Resources */ = {isa = PBXBuildFile; fileRef = E73A65E41EBB73A0004181DB /* Main.storyboard */; };
		E73A65E81EBB73A0004181DB /* Assets.xcassets in Resources */ = {isa = PBXBuildFile; fileRef = E73A65E71EBB73A0004181DB /* Assets.xcassets */; };
		E73A65EB1EBB73A0004181DB /* LaunchScreen.storyboard in Resources */ = {isa = PBXBuildFile; fileRef = E73A65E91EBB73A0004181DB /* LaunchScreen.storyboard */; };
		E73A65F61EBB73A0004181DB /* LiberTests.m in Sources */ = {isa = PBXBuildFile; fileRef = E73A65F51EBB73A0004181DB /* LiberTests.m */; };
		E73A66011EBB73A0004181DB /* LiberUITests.m in Sources */ = {isa = PBXBuildFile; fileRef = E73A66001EBB73A0004181DB /* LiberUITests.m */; };
		E7448AEE1ED368240095E754 /* lame.framework in Frameworks */ = {isa = PBXBuildFile; fileRef = E7448AED1ED368240095E754 /* lame.framework */; };
		E75FFE991EC6D4B100881694 /* DedicatedToPaterLiber.png in Resources */ = {isa = PBXBuildFile; fileRef = E75FFE981EC6D4B100881694 /* DedicatedToPaterLiber.png */; };
		E75FFEC51EC6EF9D00881694 /* LBPlaylistsViewController.m in Sources */ = {isa = PBXBuildFile; fileRef = E75FFEC41EC6EF9D00881694 /* LBPlaylistsViewController.m */; };
		E75FFEC81EC6F1A200881694 /* LBRemoteViewController.m in Sources */ = {isa = PBXBuildFile; fileRef = E75FFEC71EC6F1A200881694 /* LBRemoteViewController.m */; };
		E772C35D1ED7421A008BD303 /* LBMusicCollectionViewCell.m in Sources */ = {isa = PBXBuildFile; fileRef = E772C35C1ED7421A008BD303 /* LBMusicCollectionViewCell.m */; };
		E7A5C1671EC9746400700156 /* LBDropboxFolderViewController.mm in Sources */ = {isa = PBXBuildFile; fileRef = E7A5C1661EC9746400700156 /* LBDropboxFolderViewController.mm */; };
		E7A5C16A1EC976BC00700156 /* LBRemoteFile.m in Sources */ = {isa = PBXBuildFile; fileRef = E7A5C1691EC976BC00700156 /* LBRemoteFile.m */; };
		E7A5C16D1EC976CF00700156 /* LBRemoteFolder.m in Sources */ = {isa = PBXBuildFile; fileRef = E7A5C16C1EC976CF00700156 /* LBRemoteFolder.m */; };
		E7A5C1701EC977DA00700156 /* LBRemoteFileTableViewCell.m in Sources */ = {isa = PBXBuildFile; fileRef = E7A5C16F1EC977DA00700156 /* LBRemoteFileTableViewCell.m */; };
		E7A5C1731EC977F400700156 /* LBRemoteFolderTableViewCell.m in Sources */ = {isa = PBXBuildFile; fileRef = E7A5C1721EC977F400700156 /* LBRemoteFolderTableViewCell.m */; };
		E7A5C1771ECA394700700156 /* UIViewController+InfoMessage.m in Sources */ = {isa = PBXBuildFile; fileRef = E7A5C1761ECA394700700156 /* UIViewController+InfoMessage.m */; };
		E7C32B321ECCE55C0038048E /* LBImporter.m in Sources */ = {isa = PBXBuildFile; fileRef = E7C32B311ECCE55C0038048E /* LBImporter.m */; };
		E7C32B6C1ECCF58A0038048E /* libc++.tbd in Frameworks */ = {isa = PBXBuildFile; fileRef = E7C32B6B1ECCF58A0038048E /* libc++.tbd */; };
		E7C32B6E1ECCFC4C0038048E /* AudioToolbox.framework in Frameworks */ = {isa = PBXBuildFile; fileRef = E7C32B6D1ECCFC4C0038048E /* AudioToolbox.framework */; };
		E7C32BB51ECD031C0038048E /* AFNetworking.framework in Frameworks */ = {isa = PBXBuildFile; fileRef = E7C32B7A1ECD02EC0038048E /* AFNetworking.framework */; };
		E7C32BB71ECD031C0038048E /* MagicalRecord.framework in Frameworks */ = {isa = PBXBuildFile; fileRef = E7C32BA61ECD03030038048E /* MagicalRecord.framework */; };
		E7C32BB81ECD031C0038048E /* ObjectiveDropboxOfficial.framework in Frameworks */ = {isa = PBXBuildFile; fileRef = E7C32B8D1ECD02F30038048E /* ObjectiveDropboxOfficial.framework */; };
		E7C32BB91ECD032F0038048E /* LibID3.framework in Frameworks */ = {isa = PBXBuildFile; fileRef = E7C32B981ECD02FD0038048E /* LibID3.framework */; };
		E7C32BBA1ECD032F0038048E /* LibID3.framework in Embed Frameworks */ = {isa = PBXBuildFile; fileRef = E7C32B981ECD02FD0038048E /* LibID3.framework */; settings = {ATTRIBUTES = (CodeSignOnCopy, RemoveHeadersOnCopy, ); }; };
/* End PBXBuildFile section */

/* Begin PBXContainerItemProxy section */
		E73A65F21EBB73A0004181DB /* PBXContainerItemProxy */ = {
			isa = PBXContainerItemProxy;
			containerPortal = E73A65CA1EBB73A0004181DB /* Project object */;
			proxyType = 1;
			remoteGlobalIDString = E73A65D11EBB73A0004181DB;
			remoteInfo = Liber;
		};
		E73A65FD1EBB73A0004181DB /* PBXContainerItemProxy */ = {
			isa = PBXContainerItemProxy;
			containerPortal = E73A65CA1EBB73A0004181DB /* Project object */;
			proxyType = 1;
			remoteGlobalIDString = E73A65D11EBB73A0004181DB;
			remoteInfo = Liber;
		};
		E7C32B791ECD02EC0038048E /* PBXContainerItemProxy */ = {
			isa = PBXContainerItemProxy;
			containerPortal = E7C32B6F1ECD02EC0038048E /* AFNetworking.xcodeproj */;
			proxyType = 2;
			remoteGlobalIDString = 299522391BBF104D00859F49;
			remoteInfo = "AFNetworking iOS";
		};
		E7C32B7B1ECD02EC0038048E /* PBXContainerItemProxy */ = {
			isa = PBXContainerItemProxy;
			containerPortal = E7C32B6F1ECD02EC0038048E /* AFNetworking.xcodeproj */;
			proxyType = 2;
			remoteGlobalIDString = 299522651BBF129200859F49;
			remoteInfo = "AFNetworking watchOS";
		};
		E7C32B7D1ECD02EC0038048E /* PBXContainerItemProxy */ = {
			isa = PBXContainerItemProxy;
			containerPortal = E7C32B6F1ECD02EC0038048E /* AFNetworking.xcodeproj */;
			proxyType = 2;
			remoteGlobalIDString = 299522771BBF136400859F49;
			remoteInfo = "AFNetworking OS X";
		};
		E7C32B7F1ECD02EC0038048E /* PBXContainerItemProxy */ = {
			isa = PBXContainerItemProxy;
			containerPortal = E7C32B6F1ECD02EC0038048E /* AFNetworking.xcodeproj */;
			proxyType = 2;
			remoteGlobalIDString = 2987B0A51BC408A200179A4C;
			remoteInfo = "AFNetworking tvOS";
		};
		E7C32B811ECD02EC0038048E /* PBXContainerItemProxy */ = {
			isa = PBXContainerItemProxy;
			containerPortal = E7C32B6F1ECD02EC0038048E /* AFNetworking.xcodeproj */;
			proxyType = 2;
			remoteGlobalIDString = 298D7C3B1BC2C79500FD3B3E;
			remoteInfo = "AFNetworking iOS Tests";
		};
		E7C32B831ECD02EC0038048E /* PBXContainerItemProxy */ = {
			isa = PBXContainerItemProxy;
			containerPortal = E7C32B6F1ECD02EC0038048E /* AFNetworking.xcodeproj */;
			proxyType = 2;
			remoteGlobalIDString = 298D7C4A1BC2C7B200FD3B3E;
			remoteInfo = "AFNetworking Mac OS X Tests";
		};
		E7C32B851ECD02EC0038048E /* PBXContainerItemProxy */ = {
			isa = PBXContainerItemProxy;
			containerPortal = E7C32B6F1ECD02EC0038048E /* AFNetworking.xcodeproj */;
			proxyType = 2;
			remoteGlobalIDString = 2987B0AE1BC408A200179A4C;
			remoteInfo = "AFNetworking tvOS Tests";
		};
		E7C32B8C1ECD02F30038048E /* PBXContainerItemProxy */ = {
			isa = PBXContainerItemProxy;
			containerPortal = E7C32B871ECD02F30038048E /* ObjectiveDropboxOfficial.xcodeproj */;
			proxyType = 2;
			remoteGlobalIDString = F26B75751D7F6AF700714F70;
			remoteInfo = "ObjectiveDropboxOfficial iOS";
		};
		E7C32B8E1ECD02F30038048E /* PBXContainerItemProxy */ = {
			isa = PBXContainerItemProxy;
			containerPortal = E7C32B871ECD02F30038048E /* ObjectiveDropboxOfficial.xcodeproj */;
			proxyType = 2;
			remoteGlobalIDString = F27DE9E21D7FF909003B1CEE;
			remoteInfo = "ObjectiveDropboxOfficial macOS";
		};
		E7C32B951ECD02FD0038048E /* PBXContainerItemProxy */ = {
			isa = PBXContainerItemProxy;
			containerPortal = E7C32B901ECD02FD0038048E /* libid3.xcodeproj */;
			proxyType = 2;
			remoteGlobalIDString = 325B854314CFED4E0061C897;
			remoteInfo = Example;
		};
		E7C32B971ECD02FD0038048E /* PBXContainerItemProxy */ = {
			isa = PBXContainerItemProxy;
			containerPortal = E7C32B901ECD02FD0038048E /* libid3.xcodeproj */;
			proxyType = 2;
			remoteGlobalIDString = 236017DC1E5466C7006BC587;
			remoteInfo = "libid3-ios";
		};
		E7C32BA51ECD03030038048E /* PBXContainerItemProxy */ = {
			isa = PBXContainerItemProxy;
			containerPortal = E7C32B991ECD03030038048E /* MagicalRecord.xcodeproj */;
			proxyType = 2;
			remoteGlobalIDString = 905D07181A63DE190076B54E;
			remoteInfo = "MagicalRecord for iOS";
		};
		E7C32BA71ECD03030038048E /* PBXContainerItemProxy */ = {
			isa = PBXContainerItemProxy;
			containerPortal = E7C32B991ECD03030038048E /* MagicalRecord.xcodeproj */;
			proxyType = 2;
			remoteGlobalIDString = 9004F5211A94CBCF00A61312;
			remoteInfo = "MagicalRecord for iOS Tests";
		};
		E7C32BA91ECD03030038048E /* PBXContainerItemProxy */ = {
			isa = PBXContainerItemProxy;
			containerPortal = E7C32B991ECD03030038048E /* MagicalRecord.xcodeproj */;
			proxyType = 2;
			remoteGlobalIDString = 905D073B1A63DE690076B54E;
			remoteInfo = "MagicalRecord for OS X";
		};
		E7C32BAB1ECD03030038048E /* PBXContainerItemProxy */ = {
			isa = PBXContainerItemProxy;
			containerPortal = E7C32B991ECD03030038048E /* MagicalRecord.xcodeproj */;
			proxyType = 2;
			remoteGlobalIDString = 9004F5661A94CBF900A61312;
			remoteInfo = "MagicalRecord for OS X Tests";
		};
		E7C32BAD1ECD03030038048E /* PBXContainerItemProxy */ = {
			isa = PBXContainerItemProxy;
			containerPortal = E7C32B991ECD03030038048E /* MagicalRecord.xcodeproj */;
			proxyType = 2;
			remoteGlobalIDString = C7CF97AB17498414008D9D13;
			remoteInfo = "libMagicalRecord for iOS";
		};
		E7C32BAF1ECD03030038048E /* PBXContainerItemProxy */ = {
			isa = PBXContainerItemProxy;
			containerPortal = E7C32B991ECD03030038048E /* MagicalRecord.xcodeproj */;
			proxyType = 2;
			remoteGlobalIDString = C7CF97FF174984CA008D9D13;
			remoteInfo = "libMagicalRecord for iOS Tests";
		};
		E7C32BB11ECD03030038048E /* PBXContainerItemProxy */ = {
			isa = PBXContainerItemProxy;
			containerPortal = E7C32B991ECD03030038048E /* MagicalRecord.xcodeproj */;
			proxyType = 2;
			remoteGlobalIDString = C7CF97BB1749843F008D9D13;
			remoteInfo = "libMagicalRecord for OS X";
		};
		E7C32BB31ECD03030038048E /* PBXContainerItemProxy */ = {
			isa = PBXContainerItemProxy;
			containerPortal = E7C32B991ECD03030038048E /* MagicalRecord.xcodeproj */;
			proxyType = 2;
			remoteGlobalIDString = C7CF9816174984E4008D9D13;
			remoteInfo = "libMagicalRecord for OS X Tests";
		};
		E7C32BBB1ECD032F0038048E /* PBXContainerItemProxy */ = {
			isa = PBXContainerItemProxy;
			containerPortal = E7C32B901ECD02FD0038048E /* libid3.xcodeproj */;
			proxyType = 1;
			remoteGlobalIDString = 236017DB1E5466C7006BC587;
			remoteInfo = "libid3-ios";
		};
/* End PBXContainerItemProxy section */

/* Begin PBXCopyFilesBuildPhase section */
		E7C32B6A1ECCF5770038048E /* Embed Frameworks */ = {
			isa = PBXCopyFilesBuildPhase;
			buildActionMask = 2147483647;
			dstPath = "";
			dstSubfolderSpec = 10;
			files = (
				E7C32BBA1ECD032F0038048E /* LibID3.framework in Embed Frameworks */,
			);
			name = "Embed Frameworks";
			runOnlyForDeploymentPostprocessing = 0;
		};
/* End PBXCopyFilesBuildPhase section */

/* Begin PBXFileReference section */
		E70B89C31ED70C5E006A691A /* Album+CoreDataClass.h */ = {isa = PBXFileReference; fileEncoding = 4; lastKnownFileType = sourcecode.c.h; name = "Album+CoreDataClass.h"; path = "Source/ManagedObjects/Album+CoreDataClass.h"; sourceTree = "<group>"; };
		E70B89C41ED70C5E006A691A /* Album+CoreDataClass.m */ = {isa = PBXFileReference; fileEncoding = 4; lastKnownFileType = sourcecode.c.objc; name = "Album+CoreDataClass.m"; path = "Source/ManagedObjects/Album+CoreDataClass.m"; sourceTree = "<group>"; };
		E70B89C71ED70C5E006A691A /* Artist+CoreDataClass.h */ = {isa = PBXFileReference; fileEncoding = 4; lastKnownFileType = sourcecode.c.h; name = "Artist+CoreDataClass.h"; path = "Source/ManagedObjects/Artist+CoreDataClass.h"; sourceTree = "<group>"; };
		E70B89C81ED70C5E006A691A /* Artist+CoreDataClass.m */ = {isa = PBXFileReference; fileEncoding = 4; lastKnownFileType = sourcecode.c.objc; name = "Artist+CoreDataClass.m"; path = "Source/ManagedObjects/Artist+CoreDataClass.m"; sourceTree = "<group>"; };
		E70B89C91ED70C5E006A691A /* Artist+CoreDataProperties.h */ = {isa = PBXFileReference; fileEncoding = 4; lastKnownFileType = sourcecode.c.h; name = "Artist+CoreDataProperties.h"; path = "Source/ManagedObjects/Artist+CoreDataProperties.h"; sourceTree = "<group>"; };
		E70B89CA1ED70C5E006A691A /* Artist+CoreDataProperties.m */ = {isa = PBXFileReference; fileEncoding = 4; lastKnownFileType = sourcecode.c.objc; name = "Artist+CoreDataProperties.m"; path = "Source/ManagedObjects/Artist+CoreDataProperties.m"; sourceTree = "<group>"; };
		E70B89DD1ED70EAA006A691A /* Track+CoreDataClass.h */ = {isa = PBXFileReference; lastKnownFileType = sourcecode.c.h; name = "Track+CoreDataClass.h"; path = "Source/ManagedObjects/Track+CoreDataClass.h"; sourceTree = "<group>"; };
		E70B89DE1ED70EAA006A691A /* Track+CoreDataClass.m */ = {isa = PBXFileReference; lastKnownFileType = sourcecode.c.objc; name = "Track+CoreDataClass.m"; path = "Source/ManagedObjects/Track+CoreDataClass.m"; sourceTree = "<group>"; };
		E70B89DF1ED70EAA006A691A /* Track+CoreDataProperties.h */ = {isa = PBXFileReference; lastKnownFileType = sourcecode.c.h; name = "Track+CoreDataProperties.h"; path = "Source/ManagedObjects/Track+CoreDataProperties.h"; sourceTree = "<group>"; };
		E70B89E01ED70EAA006A691A /* Track+CoreDataProperties.m */ = {isa = PBXFileReference; lastKnownFileType = sourcecode.c.objc; name = "Track+CoreDataProperties.m"; path = "Source/ManagedObjects/Track+CoreDataProperties.m"; sourceTree = "<group>"; };
		E71F54241ECBA711006D265D /* LBFilePlayer.h */ = {isa = PBXFileReference; fileEncoding = 4; lastKnownFileType = sourcecode.c.h; name = LBFilePlayer.h; path = Source/LBFilePlayer.h; sourceTree = "<group>"; };
		E71F54251ECBA711006D265D /* LBFilePlayer.m */ = {isa = PBXFileReference; fileEncoding = 4; lastKnownFileType = sourcecode.c.objc; name = LBFilePlayer.m; path = Source/LBFilePlayer.m; sourceTree = "<group>"; };
		E71F54391ECBA850006D265D /* AVFoundation.framework */ = {isa = PBXFileReference; lastKnownFileType = wrapper.framework; name = AVFoundation.framework; path = System/Library/Frameworks/AVFoundation.framework; sourceTree = SDKROOT; };
		E7221C621ED8623D0002CE1A /* Album+CoreDataProperties.h */ = {isa = PBXFileReference; lastKnownFileType = sourcecode.c.h; name = "Album+CoreDataProperties.h"; path = "Source/ManagedObjects/Album+CoreDataProperties.h"; sourceTree = "<group>"; };
		E7221C631ED8623D0002CE1A /* Album+CoreDataProperties.m */ = {isa = PBXFileReference; lastKnownFileType = sourcecode.c.objc; name = "Album+CoreDataProperties.m"; path = "Source/ManagedObjects/Album+CoreDataProperties.m"; sourceTree = "<group>"; };
		E7221C771ED86CDD0002CE1A /* LBAlbumViewController.h */ = {isa = PBXFileReference; fileEncoding = 4; lastKnownFileType = sourcecode.c.h; name = LBAlbumViewController.h; path = Source/Collection/LBAlbumViewController.h; sourceTree = "<group>"; };
		E7221C781ED86CDD0002CE1A /* LBAlbumViewController.m */ = {isa = PBXFileReference; fileEncoding = 4; lastKnownFileType = sourcecode.c.objc; name = LBAlbumViewController.m; path = Source/Collection/LBAlbumViewController.m; sourceTree = "<group>"; };
		E7221C7A1ED8880F0002CE1A /* LBAlbumArtworkTableViewCell.h */ = {isa = PBXFileReference; fileEncoding = 4; lastKnownFileType = sourcecode.c.h; name = LBAlbumArtworkTableViewCell.h; path = Source/Collection/LBAlbumArtworkTableViewCell.h; sourceTree = "<group>"; };
		E7221C7B1ED8880F0002CE1A /* LBAlbumArtworkTableViewCell.m */ = {isa = PBXFileReference; fileEncoding = 4; lastKnownFileType = sourcecode.c.objc; name = LBAlbumArtworkTableViewCell.m; path = Source/Collection/LBAlbumArtworkTableViewCell.m; sourceTree = "<group>"; };
		E7221C7D1ED888240002CE1A /* LBAlbumTrackTableViewCell.h */ = {isa = PBXFileReference; fileEncoding = 4; lastKnownFileType = sourcecode.c.h; name = LBAlbumTrackTableViewCell.h; path = Source/Collection/LBAlbumTrackTableViewCell.h; sourceTree = "<group>"; };
		E7221C7E1ED888240002CE1A /* LBAlbumTrackTableViewCell.m */ = {isa = PBXFileReference; fileEncoding = 4; lastKnownFileType = sourcecode.c.objc; name = LBAlbumTrackTableViewCell.m; path = Source/Collection/LBAlbumTrackTableViewCell.m; sourceTree = "<group>"; };
		E73A65D21EBB73A0004181DB /* Liber.app */ = {isa = PBXFileReference; explicitFileType = wrapper.application; includeInIndex = 0; path = Liber.app; sourceTree = BUILT_PRODUCTS_DIR; };
		E73A65D61EBB73A0004181DB /* main.m */ = {isa = PBXFileReference; lastKnownFileType = sourcecode.c.objc; path = main.m; sourceTree = "<group>"; };
		E73A65D81EBB73A0004181DB /* AppDelegate.h */ = {isa = PBXFileReference; lastKnownFileType = sourcecode.c.h; name = AppDelegate.h; path = Source/AppDelegate.h; sourceTree = "<group>"; };
		E73A65D91EBB73A0004181DB /* AppDelegate.m */ = {isa = PBXFileReference; lastKnownFileType = sourcecode.c.objc; name = AppDelegate.m; path = Source/AppDelegate.m; sourceTree = "<group>"; };
		E73A65DC1EBB73A0004181DB /* Liber.xcdatamodel */ = {isa = PBXFileReference; lastKnownFileType = wrapper.xcdatamodel; path = Liber.xcdatamodel; sourceTree = "<group>"; };
		E73A65DE1EBB73A0004181DB /* LBMasterViewController.h */ = {isa = PBXFileReference; lastKnownFileType = sourcecode.c.h; name = LBMasterViewController.h; path = Source/LBMasterViewController.h; sourceTree = "<group>"; };
		E73A65DF1EBB73A0004181DB /* LBMasterViewController.m */ = {isa = PBXFileReference; lastKnownFileType = sourcecode.c.objc; name = LBMasterViewController.m; path = Source/LBMasterViewController.m; sourceTree = "<group>"; };
		E73A65E11EBB73A0004181DB /* LBMusicCollectionViewController.h */ = {isa = PBXFileReference; lastKnownFileType = sourcecode.c.h; name = LBMusicCollectionViewController.h; path = Source/Collection/LBMusicCollectionViewController.h; sourceTree = "<group>"; };
		E73A65E21EBB73A0004181DB /* LBMusicCollectionViewController.m */ = {isa = PBXFileReference; lastKnownFileType = sourcecode.c.objc; name = LBMusicCollectionViewController.m; path = Source/Collection/LBMusicCollectionViewController.m; sourceTree = "<group>"; };
		E73A65E51EBB73A0004181DB /* Base */ = {isa = PBXFileReference; lastKnownFileType = file.storyboard; name = Base; path = Base.lproj/Main.storyboard; sourceTree = "<group>"; };
		E73A65E71EBB73A0004181DB /* Assets.xcassets */ = {isa = PBXFileReference; lastKnownFileType = folder.assetcatalog; path = Assets.xcassets; sourceTree = "<group>"; };
		E73A65EA1EBB73A0004181DB /* Base */ = {isa = PBXFileReference; lastKnownFileType = file.storyboard; name = Base; path = Base.lproj/LaunchScreen.storyboard; sourceTree = "<group>"; };
		E73A65EC1EBB73A0004181DB /* Info.plist */ = {isa = PBXFileReference; lastKnownFileType = text.plist.xml; path = Info.plist; sourceTree = "<group>"; };
		E73A65F11EBB73A0004181DB /* LiberTests.xctest */ = {isa = PBXFileReference; explicitFileType = wrapper.cfbundle; includeInIndex = 0; path = LiberTests.xctest; sourceTree = BUILT_PRODUCTS_DIR; };
		E73A65F51EBB73A0004181DB /* LiberTests.m */ = {isa = PBXFileReference; lastKnownFileType = sourcecode.c.objc; path = LiberTests.m; sourceTree = "<group>"; };
		E73A65F71EBB73A0004181DB /* Info.plist */ = {isa = PBXFileReference; lastKnownFileType = text.plist.xml; path = Info.plist; sourceTree = "<group>"; };
		E73A65FC1EBB73A0004181DB /* LiberUITests.xctest */ = {isa = PBXFileReference; explicitFileType = wrapper.cfbundle; includeInIndex = 0; path = LiberUITests.xctest; sourceTree = BUILT_PRODUCTS_DIR; };
		E73A66001EBB73A0004181DB /* LiberUITests.m */ = {isa = PBXFileReference; lastKnownFileType = sourcecode.c.objc; path = LiberUITests.m; sourceTree = "<group>"; };
		E73A66021EBB73A0004181DB /* Info.plist */ = {isa = PBXFileReference; lastKnownFileType = text.plist.xml; path = Info.plist; sourceTree = "<group>"; };
		E7448AD91ECDE57F0095E754 /* AVKit.framework */ = {isa = PBXFileReference; lastKnownFileType = wrapper.framework; name = AVKit.framework; path = System/Library/Frameworks/AVKit.framework; sourceTree = SDKROOT; };
		E7448AED1ED368240095E754 /* lame.framework */ = {isa = PBXFileReference; lastKnownFileType = wrapper.framework; path = lame.framework; sourceTree = "<group>"; };
		E75FFE981EC6D4B100881694 /* DedicatedToPaterLiber.png */ = {isa = PBXFileReference; lastKnownFileType = image.png; name = DedicatedToPaterLiber.png; path = Resources/DedicatedToPaterLiber.png; sourceTree = "<group>"; };
		E75FFEC31EC6EF9D00881694 /* LBPlaylistsViewController.h */ = {isa = PBXFileReference; fileEncoding = 4; lastKnownFileType = sourcecode.c.h; path = LBPlaylistsViewController.h; sourceTree = "<group>"; };
		E75FFEC41EC6EF9D00881694 /* LBPlaylistsViewController.m */ = {isa = PBXFileReference; fileEncoding = 4; lastKnownFileType = sourcecode.c.objc; path = LBPlaylistsViewController.m; sourceTree = "<group>"; };
		E75FFEC61EC6F1A200881694 /* LBRemoteViewController.h */ = {isa = PBXFileReference; fileEncoding = 4; lastKnownFileType = sourcecode.c.h; name = LBRemoteViewController.h; path = Source/Remote/LBRemoteViewController.h; sourceTree = "<group>"; };
		E75FFEC71EC6F1A200881694 /* LBRemoteViewController.m */ = {isa = PBXFileReference; fileEncoding = 4; lastKnownFileType = sourcecode.c.objc; name = LBRemoteViewController.m; path = Source/Remote/LBRemoteViewController.m; sourceTree = "<group>"; };
		E772C35B1ED7421A008BD303 /* LBMusicCollectionViewCell.h */ = {isa = PBXFileReference; fileEncoding = 4; lastKnownFileType = sourcecode.c.h; name = LBMusicCollectionViewCell.h; path = Source/Collection/LBMusicCollectionViewCell.h; sourceTree = "<group>"; };
		E772C35C1ED7421A008BD303 /* LBMusicCollectionViewCell.m */ = {isa = PBXFileReference; fileEncoding = 4; lastKnownFileType = sourcecode.c.objc; name = LBMusicCollectionViewCell.m; path = Source/Collection/LBMusicCollectionViewCell.m; sourceTree = "<group>"; };
		E7A5C1651EC9746400700156 /* LBDropboxFolderViewController.h */ = {isa = PBXFileReference; fileEncoding = 4; lastKnownFileType = sourcecode.c.h; name = LBDropboxFolderViewController.h; path = Source/Remote/Dropbox/LBDropboxFolderViewController.h; sourceTree = "<group>"; };
		E7A5C1661EC9746400700156 /* LBDropboxFolderViewController.mm */ = {isa = PBXFileReference; fileEncoding = 4; lastKnownFileType = sourcecode.cpp.objcpp; name = LBDropboxFolderViewController.mm; path = Source/Remote/Dropbox/LBDropboxFolderViewController.mm; sourceTree = "<group>"; };
		E7A5C1681EC976BC00700156 /* LBRemoteFile.h */ = {isa = PBXFileReference; fileEncoding = 4; lastKnownFileType = sourcecode.c.h; name = LBRemoteFile.h; path = Source/Remote/LBRemoteFile.h; sourceTree = "<group>"; };
		E7A5C1691EC976BC00700156 /* LBRemoteFile.m */ = {isa = PBXFileReference; fileEncoding = 4; lastKnownFileType = sourcecode.c.objc; name = LBRemoteFile.m; path = Source/Remote/LBRemoteFile.m; sourceTree = "<group>"; };
		E7A5C16B1EC976CF00700156 /* LBRemoteFolder.h */ = {isa = PBXFileReference; fileEncoding = 4; lastKnownFileType = sourcecode.c.h; name = LBRemoteFolder.h; path = Source/Remote/LBRemoteFolder.h; sourceTree = "<group>"; };
		E7A5C16C1EC976CF00700156 /* LBRemoteFolder.m */ = {isa = PBXFileReference; fileEncoding = 4; lastKnownFileType = sourcecode.c.objc; name = LBRemoteFolder.m; path = Source/Remote/LBRemoteFolder.m; sourceTree = "<group>"; };
		E7A5C16E1EC977DA00700156 /* LBRemoteFileTableViewCell.h */ = {isa = PBXFileReference; fileEncoding = 4; lastKnownFileType = sourcecode.c.h; name = LBRemoteFileTableViewCell.h; path = Source/Remote/LBRemoteFileTableViewCell.h; sourceTree = "<group>"; };
		E7A5C16F1EC977DA00700156 /* LBRemoteFileTableViewCell.m */ = {isa = PBXFileReference; fileEncoding = 4; lastKnownFileType = sourcecode.c.objc; name = LBRemoteFileTableViewCell.m; path = Source/Remote/LBRemoteFileTableViewCell.m; sourceTree = "<group>"; };
		E7A5C1711EC977F400700156 /* LBRemoteFolderTableViewCell.h */ = {isa = PBXFileReference; fileEncoding = 4; lastKnownFileType = sourcecode.c.h; name = LBRemoteFolderTableViewCell.h; path = Source/Remote/LBRemoteFolderTableViewCell.h; sourceTree = "<group>"; };
		E7A5C1721EC977F400700156 /* LBRemoteFolderTableViewCell.m */ = {isa = PBXFileReference; fileEncoding = 4; lastKnownFileType = sourcecode.c.objc; name = LBRemoteFolderTableViewCell.m; path = Source/Remote/LBRemoteFolderTableViewCell.m; sourceTree = "<group>"; };
		E7A5C1751ECA394700700156 /* UIViewController+InfoMessage.h */ = {isa = PBXFileReference; fileEncoding = 4; lastKnownFileType = sourcecode.c.h; name = "UIViewController+InfoMessage.h"; path = "Source/Util/UIViewController+InfoMessage.h"; sourceTree = "<group>"; };
		E7A5C1761ECA394700700156 /* UIViewController+InfoMessage.m */ = {isa = PBXFileReference; fileEncoding = 4; lastKnownFileType = sourcecode.c.objc; name = "UIViewController+InfoMessage.m"; path = "Source/Util/UIViewController+InfoMessage.m"; sourceTree = "<group>"; };
		E7C32B301ECCE55C0038048E /* LBImporter.h */ = {isa = PBXFileReference; fileEncoding = 4; lastKnownFileType = sourcecode.c.h; name = LBImporter.h; path = Source/LBImporter.h; sourceTree = "<group>"; };
		E7C32B311ECCE55C0038048E /* LBImporter.m */ = {isa = PBXFileReference; fileEncoding = 4; lastKnownFileType = sourcecode.c.objc; name = LBImporter.m; path = Source/LBImporter.m; sourceTree = "<group>"; };
		E7C32B6B1ECCF58A0038048E /* libc++.tbd */ = {isa = PBXFileReference; lastKnownFileType = "sourcecode.text-based-dylib-definition"; name = "libc++.tbd"; path = "usr/lib/libc++.tbd"; sourceTree = SDKROOT; };
		E7C32B6D1ECCFC4C0038048E /* AudioToolbox.framework */ = {isa = PBXFileReference; lastKnownFileType = wrapper.framework; name = AudioToolbox.framework; path = System/Library/Frameworks/AudioToolbox.framework; sourceTree = SDKROOT; };
		E7C32B6F1ECD02EC0038048E /* AFNetworking.xcodeproj */ = {isa = PBXFileReference; lastKnownFileType = "wrapper.pb-project"; name = AFNetworking.xcodeproj; path = ../Vendor/AFNetworking/AFNetworking.xcodeproj; sourceTree = "<group>"; };
		E7C32B871ECD02F30038048E /* ObjectiveDropboxOfficial.xcodeproj */ = {isa = PBXFileReference; lastKnownFileType = "wrapper.pb-project"; name = ObjectiveDropboxOfficial.xcodeproj; path = ../Vendor/Dropbox/Source/ObjectiveDropboxOfficial/ObjectiveDropboxOfficial.xcodeproj; sourceTree = "<group>"; };
		E7C32B901ECD02FD0038048E /* libid3.xcodeproj */ = {isa = PBXFileReference; lastKnownFileType = "wrapper.pb-project"; name = libid3.xcodeproj; path = "../Vendor/libid3-ios/libid3.xcodeproj"; sourceTree = "<group>"; };
		E7C32B991ECD03030038048E /* MagicalRecord.xcodeproj */ = {isa = PBXFileReference; lastKnownFileType = "wrapper.pb-project"; name = MagicalRecord.xcodeproj; path = ../Vendor/MagicalRecord/MagicalRecord.xcodeproj; sourceTree = "<group>"; };
/* End PBXFileReference section */

/* Begin PBXFrameworksBuildPhase section */
		E73A65CF1EBB73A0004181DB /* Frameworks */ = {
			isa = PBXFrameworksBuildPhase;
			buildActionMask = 2147483647;
			files = (
				E7448AEE1ED368240095E754 /* lame.framework in Frameworks */,
				E7C32BB51ECD031C0038048E /* AFNetworking.framework in Frameworks */,
				E7C32BB71ECD031C0038048E /* MagicalRecord.framework in Frameworks */,
				E7C32BB91ECD032F0038048E /* LibID3.framework in Frameworks */,
				E7C32BB81ECD031C0038048E /* ObjectiveDropboxOfficial.framework in Frameworks */,
				E7C32B6E1ECCFC4C0038048E /* AudioToolbox.framework in Frameworks */,
				E7C32B6C1ECCF58A0038048E /* libc++.tbd in Frameworks */,
				E71F543A1ECBA850006D265D /* AVFoundation.framework in Frameworks */,
			);
			runOnlyForDeploymentPostprocessing = 0;
		};
		E73A65EE1EBB73A0004181DB /* Frameworks */ = {
			isa = PBXFrameworksBuildPhase;
			buildActionMask = 2147483647;
			files = (
			);
			runOnlyForDeploymentPostprocessing = 0;
		};
		E73A65F91EBB73A0004181DB /* Frameworks */ = {
			isa = PBXFrameworksBuildPhase;
			buildActionMask = 2147483647;
			files = (
			);
			runOnlyForDeploymentPostprocessing = 0;
		};
/* End PBXFrameworksBuildPhase section */

/* Begin PBXGroup section */
		E70B89C21ED702BA006A691A /* ManagedObjects */ = {
			isa = PBXGroup;
			children = (
				E7221C761ED862850002CE1A /* Properties */,
				E70B89C31ED70C5E006A691A /* Album+CoreDataClass.h */,
				E70B89C41ED70C5E006A691A /* Album+CoreDataClass.m */,
				E70B89C71ED70C5E006A691A /* Artist+CoreDataClass.h */,
				E70B89C81ED70C5E006A691A /* Artist+CoreDataClass.m */,
				E70B89DD1ED70EAA006A691A /* Track+CoreDataClass.h */,
				E70B89DE1ED70EAA006A691A /* Track+CoreDataClass.m */,
			);
			name = ManagedObjects;
			sourceTree = "<group>";
		};
		E71F54381ECBA850006D265D /* Frameworks */ = {
			isa = PBXGroup;
			children = (
				E7448AD91ECDE57F0095E754 /* AVKit.framework */,
				E7C32B6D1ECCFC4C0038048E /* AudioToolbox.framework */,
				E7C32B6B1ECCF58A0038048E /* libc++.tbd */,
				E71F54391ECBA850006D265D /* AVFoundation.framework */,
			);
			name = Frameworks;
			sourceTree = "<group>";
		};
		E7221C761ED862850002CE1A /* Properties */ = {
			isa = PBXGroup;
			children = (
				E7221C621ED8623D0002CE1A /* Album+CoreDataProperties.h */,
				E7221C631ED8623D0002CE1A /* Album+CoreDataProperties.m */,
				E70B89C91ED70C5E006A691A /* Artist+CoreDataProperties.h */,
				E70B89CA1ED70C5E006A691A /* Artist+CoreDataProperties.m */,
				E70B89DF1ED70EAA006A691A /* Track+CoreDataProperties.h */,
				E70B89E01ED70EAA006A691A /* Track+CoreDataProperties.m */,
			);
			name = Properties;
			sourceTree = "<group>";
		};
		E7221C801ED88A010002CE1A /* TableViewCells */ = {
			isa = PBXGroup;
			children = (
				E7221C7A1ED8880F0002CE1A /* LBAlbumArtworkTableViewCell.h */,
				E7221C7B1ED8880F0002CE1A /* LBAlbumArtworkTableViewCell.m */,
				E7221C7D1ED888240002CE1A /* LBAlbumTrackTableViewCell.h */,
				E7221C7E1ED888240002CE1A /* LBAlbumTrackTableViewCell.m */,
			);
			name = TableViewCells;
			sourceTree = "<group>";
		};
		E73A65C91EBB73A0004181DB = {
			isa = PBXGroup;
			children = (
				E73A662A1EBB7885004181DB /* Libraries */,
				E73A65D41EBB73A0004181DB /* Liber */,
				E73A65F41EBB73A0004181DB /* LiberTests */,
				E73A65FF1EBB73A0004181DB /* LiberUITests */,
				E73A65D31EBB73A0004181DB /* Products */,
				E71F54381ECBA850006D265D /* Frameworks */,
			);
			sourceTree = "<group>";
		};
		E73A65D31EBB73A0004181DB /* Products */ = {
			isa = PBXGroup;
			children = (
				E73A65D21EBB73A0004181DB /* Liber.app */,
				E73A65F11EBB73A0004181DB /* LiberTests.xctest */,
				E73A65FC1EBB73A0004181DB /* LiberUITests.xctest */,
			);
			name = Products;
			sourceTree = "<group>";
		};
		E73A65D41EBB73A0004181DB /* Liber */ = {
			isa = PBXGroup;
			children = (
				E75FFEC21EC6DB3A00881694 /* Source */,
				E73A65EC1EBB73A0004181DB /* Info.plist */,
				E73A65DB1EBB73A0004181DB /* Liber.xcdatamodeld */,
				E75FFEC11EC6DB2100881694 /* Storyboards */,
				E75FFE841EC6D44F00881694 /* Resources */,
				E73A65D51EBB73A0004181DB /* Supporting Files */,
			);
			path = Liber;
			sourceTree = "<group>";
		};
		E73A65D51EBB73A0004181DB /* Supporting Files */ = {
			isa = PBXGroup;
			children = (
				E73A65D61EBB73A0004181DB /* main.m */,
			);
			name = "Supporting Files";
			sourceTree = "<group>";
		};
		E73A65F41EBB73A0004181DB /* LiberTests */ = {
			isa = PBXGroup;
			children = (
				E73A65F51EBB73A0004181DB /* LiberTests.m */,
				E73A65F71EBB73A0004181DB /* Info.plist */,
			);
			path = LiberTests;
			sourceTree = "<group>";
		};
		E73A65FF1EBB73A0004181DB /* LiberUITests */ = {
			isa = PBXGroup;
			children = (
				E73A66001EBB73A0004181DB /* LiberUITests.m */,
				E73A66021EBB73A0004181DB /* Info.plist */,
			);
			path = LiberUITests;
			sourceTree = "<group>";
		};
		E73A662A1EBB7885004181DB /* Libraries */ = {
			isa = PBXGroup;
			children = (
				E7448AED1ED368240095E754 /* lame.framework */,
				E7C32B991ECD03030038048E /* MagicalRecord.xcodeproj */,
				E7C32B901ECD02FD0038048E /* libid3.xcodeproj */,
				E7C32B871ECD02F30038048E /* ObjectiveDropboxOfficial.xcodeproj */,
				E7C32B6F1ECD02EC0038048E /* AFNetworking.xcodeproj */,
			);
			name = Libraries;
			sourceTree = "<group>";
		};
		E75FFE841EC6D44F00881694 /* Resources */ = {
			isa = PBXGroup;
			children = (
				E73A65E71EBB73A0004181DB /* Assets.xcassets */,
				E75FFE981EC6D4B100881694 /* DedicatedToPaterLiber.png */,
			);
			name = Resources;
			sourceTree = "<group>";
		};
		E75FFEC11EC6DB2100881694 /* Storyboards */ = {
			isa = PBXGroup;
			children = (
				E73A65E41EBB73A0004181DB /* Main.storyboard */,
				E73A65E91EBB73A0004181DB /* LaunchScreen.storyboard */,
			);
			name = Storyboards;
			sourceTree = "<group>";
		};
		E75FFEC21EC6DB3A00881694 /* Source */ = {
			isa = PBXGroup;
			children = (
				E73A65D81EBB73A0004181DB /* AppDelegate.h */,
				E73A65D91EBB73A0004181DB /* AppDelegate.m */,
				E73A65DE1EBB73A0004181DB /* LBMasterViewController.h */,
				E73A65DF1EBB73A0004181DB /* LBMasterViewController.m */,
				E71F54241ECBA711006D265D /* LBFilePlayer.h */,
				E71F54251ECBA711006D265D /* LBFilePlayer.m */,
				E7C32B301ECCE55C0038048E /* LBImporter.h */,
				E7C32B311ECCE55C0038048E /* LBImporter.m */,
				E75FFEC91EC6F1AC00881694 /* Collection */,
				E75FFECA1EC6F1B800881694 /* Playlists */,
				E75FFECB1EC6F1C200881694 /* Remote */,
				E7A5C1741ECA38DC00700156 /* Util */,
				E70B89C21ED702BA006A691A /* ManagedObjects */,
			);
			name = Source;
			sourceTree = "<group>";
		};
		E75FFEC91EC6F1AC00881694 /* Collection */ = {
			isa = PBXGroup;
			children = (
				E73A65E11EBB73A0004181DB /* LBMusicCollectionViewController.h */,
				E73A65E21EBB73A0004181DB /* LBMusicCollectionViewController.m */,
				E772C35B1ED7421A008BD303 /* LBMusicCollectionViewCell.h */,
				E772C35C1ED7421A008BD303 /* LBMusicCollectionViewCell.m */,
				E7221C771ED86CDD0002CE1A /* LBAlbumViewController.h */,
				E7221C781ED86CDD0002CE1A /* LBAlbumViewController.m */,
				E7221C801ED88A010002CE1A /* TableViewCells */,
			);
			name = Collection;
			sourceTree = "<group>";
		};
		E75FFECA1EC6F1B800881694 /* Playlists */ = {
			isa = PBXGroup;
			children = (
				E75FFEC31EC6EF9D00881694 /* LBPlaylistsViewController.h */,
				E75FFEC41EC6EF9D00881694 /* LBPlaylistsViewController.m */,
			);
			name = Playlists;
			path = Source/Playlists;
			sourceTree = "<group>";
		};
		E75FFECB1EC6F1C200881694 /* Remote */ = {
			isa = PBXGroup;
			children = (
				E75FFEC61EC6F1A200881694 /* LBRemoteViewController.h */,
				E75FFEC71EC6F1A200881694 /* LBRemoteViewController.m */,
				E7A5C1681EC976BC00700156 /* LBRemoteFile.h */,
				E7A5C1691EC976BC00700156 /* LBRemoteFile.m */,
				E7A5C16B1EC976CF00700156 /* LBRemoteFolder.h */,
				E7A5C16C1EC976CF00700156 /* LBRemoteFolder.m */,
				E7A5C16E1EC977DA00700156 /* LBRemoteFileTableViewCell.h */,
				E7A5C16F1EC977DA00700156 /* LBRemoteFileTableViewCell.m */,
				E7A5C1711EC977F400700156 /* LBRemoteFolderTableViewCell.h */,
				E7A5C1721EC977F400700156 /* LBRemoteFolderTableViewCell.m */,
				E7A5C1531EC9741900700156 /* Dropbox */,
			);
			name = Remote;
			sourceTree = "<group>";
		};
		E7A5C1531EC9741900700156 /* Dropbox */ = {
			isa = PBXGroup;
			children = (
				E7A5C1651EC9746400700156 /* LBDropboxFolderViewController.h */,
				E7A5C1661EC9746400700156 /* LBDropboxFolderViewController.mm */,
			);
			name = Dropbox;
			sourceTree = "<group>";
		};
		E7A5C1741ECA38DC00700156 /* Util */ = {
			isa = PBXGroup;
			children = (
				E7A5C1751ECA394700700156 /* UIViewController+InfoMessage.h */,
				E7A5C1761ECA394700700156 /* UIViewController+InfoMessage.m */,
			);
			name = Util;
			sourceTree = "<group>";
		};
		E7C32B701ECD02EC0038048E /* Products */ = {
			isa = PBXGroup;
			children = (
				E7C32B7A1ECD02EC0038048E /* AFNetworking.framework */,
				E7C32B7C1ECD02EC0038048E /* AFNetworking.framework */,
				E7C32B7E1ECD02EC0038048E /* AFNetworking.framework */,
				E7C32B801ECD02EC0038048E /* AFNetworking.framework */,
				E7C32B821ECD02EC0038048E /* AFNetworking iOS Tests.xctest */,
				E7C32B841ECD02EC0038048E /* AFNetworking Mac OS X Tests.xctest */,
				E7C32B861ECD02EC0038048E /* AFNetworking tvOS Tests.xctest */,
			);
			name = Products;
			sourceTree = "<group>";
		};
		E7C32B881ECD02F30038048E /* Products */ = {
			isa = PBXGroup;
			children = (
				E7C32B8D1ECD02F30038048E /* ObjectiveDropboxOfficial.framework */,
				E7C32B8F1ECD02F30038048E /* ObjectiveDropboxOfficial.framework */,
			);
			name = Products;
			sourceTree = "<group>";
		};
		E7C32B911ECD02FD0038048E /* Products */ = {
			isa = PBXGroup;
			children = (
				E7C32B961ECD02FD0038048E /* Example.app */,
				E7C32B981ECD02FD0038048E /* LibID3.framework */,
			);
			name = Products;
			sourceTree = "<group>";
		};
		E7C32B9A1ECD03030038048E /* Products */ = {
			isa = PBXGroup;
			children = (
				E7C32BA61ECD03030038048E /* MagicalRecord.framework */,
				E7C32BA81ECD03030038048E /* MagicalRecord for iOS Tests.xctest */,
				E7C32BAA1ECD03030038048E /* MagicalRecord.framework */,
				E7C32BAC1ECD03030038048E /* MagicalRecord for OS X Tests.xctest */,
				E7C32BAE1ECD03030038048E /* libMagicalRecord.a */,
				E7C32BB01ECD03030038048E /* libMagicalRecord for iOS Tests.xctest */,
				E7C32BB21ECD03030038048E /* libMagicalRecord.dylib */,
				E7C32BB41ECD03030038048E /* libMagicalRecord for OS X Tests.xctest */,
			);
			name = Products;
			sourceTree = "<group>";
		};
/* End PBXGroup section */

/* Begin PBXNativeTarget section */
		E73A65D11EBB73A0004181DB /* Liber */ = {
			isa = PBXNativeTarget;
			buildConfigurationList = E73A66051EBB73A0004181DB /* Build configuration list for PBXNativeTarget "Liber" */;
			buildPhases = (
				E73A65CE1EBB73A0004181DB /* Sources */,
				E73A65CF1EBB73A0004181DB /* Frameworks */,
				E73A65D01EBB73A0004181DB /* Resources */,
				E7C32B6A1ECCF5770038048E /* Embed Frameworks */,
			);
			buildRules = (
			);
			dependencies = (
				E7C32BBC1ECD032F0038048E /* PBXTargetDependency */,
			);
			name = Liber;
			productName = Liber;
			productReference = E73A65D21EBB73A0004181DB /* Liber.app */;
			productType = "com.apple.product-type.application";
		};
		E73A65F01EBB73A0004181DB /* LiberTests */ = {
			isa = PBXNativeTarget;
			buildConfigurationList = E73A66081EBB73A0004181DB /* Build configuration list for PBXNativeTarget "LiberTests" */;
			buildPhases = (
				E73A65ED1EBB73A0004181DB /* Sources */,
				E73A65EE1EBB73A0004181DB /* Frameworks */,
				E73A65EF1EBB73A0004181DB /* Resources */,
			);
			buildRules = (
			);
			dependencies = (
				E73A65F31EBB73A0004181DB /* PBXTargetDependency */,
			);
			name = LiberTests;
			productName = LiberTests;
			productReference = E73A65F11EBB73A0004181DB /* LiberTests.xctest */;
			productType = "com.apple.product-type.bundle.unit-test";
		};
		E73A65FB1EBB73A0004181DB /* LiberUITests */ = {
			isa = PBXNativeTarget;
			buildConfigurationList = E73A660B1EBB73A0004181DB /* Build configuration list for PBXNativeTarget "LiberUITests" */;
			buildPhases = (
				E73A65F81EBB73A0004181DB /* Sources */,
				E73A65F91EBB73A0004181DB /* Frameworks */,
				E73A65FA1EBB73A0004181DB /* Resources */,
			);
			buildRules = (
			);
			dependencies = (
				E73A65FE1EBB73A0004181DB /* PBXTargetDependency */,
			);
			name = LiberUITests;
			productName = LiberUITests;
			productReference = E73A65FC1EBB73A0004181DB /* LiberUITests.xctest */;
			productType = "com.apple.product-type.bundle.ui-testing";
		};
/* End PBXNativeTarget section */

/* Begin PBXProject section */
		E73A65CA1EBB73A0004181DB /* Project object */ = {
			isa = PBXProject;
			attributes = {
				LastUpgradeCheck = 0830;
				ORGANIZATIONNAME = "Christian-Schneider";
				TargetAttributes = {
					E73A65D11EBB73A0004181DB = {
						CreatedOnToolsVersion = 8.3.2;
						ProvisioningStyle = Automatic;
						SystemCapabilities = {
							com.apple.BackgroundModes = {
								enabled = 1;
							};
						};
					};
					E73A65F01EBB73A0004181DB = {
						CreatedOnToolsVersion = 8.3.2;
						DevelopmentTeam = S4385JPV95;
						ProvisioningStyle = Automatic;
						TestTargetID = E73A65D11EBB73A0004181DB;
					};
					E73A65FB1EBB73A0004181DB = {
						CreatedOnToolsVersion = 8.3.2;
						DevelopmentTeam = S4385JPV95;
						ProvisioningStyle = Automatic;
						TestTargetID = E73A65D11EBB73A0004181DB;
					};
				};
			};
			buildConfigurationList = E73A65CD1EBB73A0004181DB /* Build configuration list for PBXProject "Liber" */;
			compatibilityVersion = "Xcode 3.2";
			developmentRegion = English;
			hasScannedForEncodings = 0;
			knownRegions = (
				en,
				Base,
			);
			mainGroup = E73A65C91EBB73A0004181DB;
			productRefGroup = E73A65D31EBB73A0004181DB /* Products */;
			projectDirPath = "";
			projectReferences = (
				{
					ProductGroup = E7C32B701ECD02EC0038048E /* Products */;
					ProjectRef = E7C32B6F1ECD02EC0038048E /* AFNetworking.xcodeproj */;
				},
				{
					ProductGroup = E7C32B911ECD02FD0038048E /* Products */;
					ProjectRef = E7C32B901ECD02FD0038048E /* libid3.xcodeproj */;
				},
				{
					ProductGroup = E7C32B9A1ECD03030038048E /* Products */;
					ProjectRef = E7C32B991ECD03030038048E /* MagicalRecord.xcodeproj */;
				},
				{
					ProductGroup = E7C32B881ECD02F30038048E /* Products */;
					ProjectRef = E7C32B871ECD02F30038048E /* ObjectiveDropboxOfficial.xcodeproj */;
				},
			);
			projectRoot = "";
			targets = (
				E73A65D11EBB73A0004181DB /* Liber */,
				E73A65F01EBB73A0004181DB /* LiberTests */,
				E73A65FB1EBB73A0004181DB /* LiberUITests */,
			);
		};
/* End PBXProject section */

/* Begin PBXReferenceProxy section */
		E7C32B7A1ECD02EC0038048E /* AFNetworking.framework */ = {
			isa = PBXReferenceProxy;
			fileType = wrapper.framework;
			path = AFNetworking.framework;
			remoteRef = E7C32B791ECD02EC0038048E /* PBXContainerItemProxy */;
			sourceTree = BUILT_PRODUCTS_DIR;
		};
		E7C32B7C1ECD02EC0038048E /* AFNetworking.framework */ = {
			isa = PBXReferenceProxy;
			fileType = wrapper.framework;
			path = AFNetworking.framework;
			remoteRef = E7C32B7B1ECD02EC0038048E /* PBXContainerItemProxy */;
			sourceTree = BUILT_PRODUCTS_DIR;
		};
		E7C32B7E1ECD02EC0038048E /* AFNetworking.framework */ = {
			isa = PBXReferenceProxy;
			fileType = wrapper.framework;
			path = AFNetworking.framework;
			remoteRef = E7C32B7D1ECD02EC0038048E /* PBXContainerItemProxy */;
			sourceTree = BUILT_PRODUCTS_DIR;
		};
		E7C32B801ECD02EC0038048E /* AFNetworking.framework */ = {
			isa = PBXReferenceProxy;
			fileType = wrapper.framework;
			path = AFNetworking.framework;
			remoteRef = E7C32B7F1ECD02EC0038048E /* PBXContainerItemProxy */;
			sourceTree = BUILT_PRODUCTS_DIR;
		};
		E7C32B821ECD02EC0038048E /* AFNetworking iOS Tests.xctest */ = {
			isa = PBXReferenceProxy;
			fileType = wrapper.cfbundle;
			path = "AFNetworking iOS Tests.xctest";
			remoteRef = E7C32B811ECD02EC0038048E /* PBXContainerItemProxy */;
			sourceTree = BUILT_PRODUCTS_DIR;
		};
		E7C32B841ECD02EC0038048E /* AFNetworking Mac OS X Tests.xctest */ = {
			isa = PBXReferenceProxy;
			fileType = wrapper.cfbundle;
			path = "AFNetworking Mac OS X Tests.xctest";
			remoteRef = E7C32B831ECD02EC0038048E /* PBXContainerItemProxy */;
			sourceTree = BUILT_PRODUCTS_DIR;
		};
		E7C32B861ECD02EC0038048E /* AFNetworking tvOS Tests.xctest */ = {
			isa = PBXReferenceProxy;
			fileType = wrapper.cfbundle;
			path = "AFNetworking tvOS Tests.xctest";
			remoteRef = E7C32B851ECD02EC0038048E /* PBXContainerItemProxy */;
			sourceTree = BUILT_PRODUCTS_DIR;
		};
		E7C32B8D1ECD02F30038048E /* ObjectiveDropboxOfficial.framework */ = {
			isa = PBXReferenceProxy;
			fileType = wrapper.framework;
			path = ObjectiveDropboxOfficial.framework;
			remoteRef = E7C32B8C1ECD02F30038048E /* PBXContainerItemProxy */;
			sourceTree = BUILT_PRODUCTS_DIR;
		};
		E7C32B8F1ECD02F30038048E /* ObjectiveDropboxOfficial.framework */ = {
			isa = PBXReferenceProxy;
			fileType = wrapper.framework;
			path = ObjectiveDropboxOfficial.framework;
			remoteRef = E7C32B8E1ECD02F30038048E /* PBXContainerItemProxy */;
			sourceTree = BUILT_PRODUCTS_DIR;
		};
		E7C32B961ECD02FD0038048E /* Example.app */ = {
			isa = PBXReferenceProxy;
			fileType = wrapper.application;
			path = Example.app;
			remoteRef = E7C32B951ECD02FD0038048E /* PBXContainerItemProxy */;
			sourceTree = BUILT_PRODUCTS_DIR;
		};
		E7C32B981ECD02FD0038048E /* LibID3.framework */ = {
			isa = PBXReferenceProxy;
			fileType = wrapper.framework;
			path = LibID3.framework;
			remoteRef = E7C32B971ECD02FD0038048E /* PBXContainerItemProxy */;
			sourceTree = BUILT_PRODUCTS_DIR;
		};
		E7C32BA61ECD03030038048E /* MagicalRecord.framework */ = {
			isa = PBXReferenceProxy;
			fileType = wrapper.framework;
			path = MagicalRecord.framework;
			remoteRef = E7C32BA51ECD03030038048E /* PBXContainerItemProxy */;
			sourceTree = BUILT_PRODUCTS_DIR;
		};
		E7C32BA81ECD03030038048E /* MagicalRecord for iOS Tests.xctest */ = {
			isa = PBXReferenceProxy;
			fileType = wrapper.cfbundle;
			path = "MagicalRecord for iOS Tests.xctest";
			remoteRef = E7C32BA71ECD03030038048E /* PBXContainerItemProxy */;
			sourceTree = BUILT_PRODUCTS_DIR;
		};
		E7C32BAA1ECD03030038048E /* MagicalRecord.framework */ = {
			isa = PBXReferenceProxy;
			fileType = wrapper.framework;
			path = MagicalRecord.framework;
			remoteRef = E7C32BA91ECD03030038048E /* PBXContainerItemProxy */;
			sourceTree = BUILT_PRODUCTS_DIR;
		};
		E7C32BAC1ECD03030038048E /* MagicalRecord for OS X Tests.xctest */ = {
			isa = PBXReferenceProxy;
			fileType = wrapper.cfbundle;
			path = "MagicalRecord for OS X Tests.xctest";
			remoteRef = E7C32BAB1ECD03030038048E /* PBXContainerItemProxy */;
			sourceTree = BUILT_PRODUCTS_DIR;
		};
		E7C32BAE1ECD03030038048E /* libMagicalRecord.a */ = {
			isa = PBXReferenceProxy;
			fileType = archive.ar;
			path = libMagicalRecord.a;
			remoteRef = E7C32BAD1ECD03030038048E /* PBXContainerItemProxy */;
			sourceTree = BUILT_PRODUCTS_DIR;
		};
		E7C32BB01ECD03030038048E /* libMagicalRecord for iOS Tests.xctest */ = {
			isa = PBXReferenceProxy;
			fileType = wrapper.cfbundle;
			path = "libMagicalRecord for iOS Tests.xctest";
			remoteRef = E7C32BAF1ECD03030038048E /* PBXContainerItemProxy */;
			sourceTree = BUILT_PRODUCTS_DIR;
		};
		E7C32BB21ECD03030038048E /* libMagicalRecord.dylib */ = {
			isa = PBXReferenceProxy;
			fileType = "compiled.mach-o.dylib";
			path = libMagicalRecord.dylib;
			remoteRef = E7C32BB11ECD03030038048E /* PBXContainerItemProxy */;
			sourceTree = BUILT_PRODUCTS_DIR;
		};
		E7C32BB41ECD03030038048E /* libMagicalRecord for OS X Tests.xctest */ = {
			isa = PBXReferenceProxy;
			fileType = wrapper.cfbundle;
			path = "libMagicalRecord for OS X Tests.xctest";
			remoteRef = E7C32BB31ECD03030038048E /* PBXContainerItemProxy */;
			sourceTree = BUILT_PRODUCTS_DIR;
		};
/* End PBXReferenceProxy section */

/* Begin PBXResourcesBuildPhase section */
		E73A65D01EBB73A0004181DB /* Resources */ = {
			isa = PBXResourcesBuildPhase;
			buildActionMask = 2147483647;
			files = (
				E75FFE991EC6D4B100881694 /* DedicatedToPaterLiber.png in Resources */,
				E73A65EB1EBB73A0004181DB /* LaunchScreen.storyboard in Resources */,
				E73A65E81EBB73A0004181DB /* Assets.xcassets in Resources */,
				E73A65E61EBB73A0004181DB /* Main.storyboard in Resources */,
			);
			runOnlyForDeploymentPostprocessing = 0;
		};
		E73A65EF1EBB73A0004181DB /* Resources */ = {
			isa = PBXResourcesBuildPhase;
			buildActionMask = 2147483647;
			files = (
			);
			runOnlyForDeploymentPostprocessing = 0;
		};
		E73A65FA1EBB73A0004181DB /* Resources */ = {
			isa = PBXResourcesBuildPhase;
			buildActionMask = 2147483647;
			files = (
			);
			runOnlyForDeploymentPostprocessing = 0;
		};
/* End PBXResourcesBuildPhase section */

/* Begin PBXSourcesBuildPhase section */
		E73A65CE1EBB73A0004181DB /* Sources */ = {
			isa = PBXSourcesBuildPhase;
			buildActionMask = 2147483647;
			files = (
				E75FFEC81EC6F1A200881694 /* LBRemoteViewController.m in Sources */,
				E7A5C1731EC977F400700156 /* LBRemoteFolderTableViewCell.m in Sources */,
				E7A5C16A1EC976BC00700156 /* LBRemoteFile.m in Sources */,
				E7A5C1671EC9746400700156 /* LBDropboxFolderViewController.mm in Sources */,
				E75FFEC51EC6EF9D00881694 /* LBPlaylistsViewController.m in Sources */,
				E73A65E31EBB73A0004181DB /* LBMusicCollectionViewController.m in Sources */,
				E7A5C16D1EC976CF00700156 /* LBRemoteFolder.m in Sources */,
				E73A65E01EBB73A0004181DB /* LBMasterViewController.m in Sources */,
				E71F54261ECBA711006D265D /* LBFilePlayer.m in Sources */,
				E73A65DD1EBB73A0004181DB /* Liber.xcdatamodeld in Sources */,
				E7221C7C1ED8880F0002CE1A /* LBAlbumArtworkTableViewCell.m in Sources */,
				E7A5C1771ECA394700700156 /* UIViewController+InfoMessage.m in Sources */,
				E73A65DA1EBB73A0004181DB /* AppDelegate.m in Sources */,
				E772C35D1ED7421A008BD303 /* LBMusicCollectionViewCell.m in Sources */,
				E7221C7F1ED888240002CE1A /* LBAlbumTrackTableViewCell.m in Sources */,
				E7A5C1701EC977DA00700156 /* LBRemoteFileTableViewCell.m in Sources */,
				E7221C791ED86CDD0002CE1A /* LBAlbumViewController.m in Sources */,
				E7C32B321ECCE55C0038048E /* LBImporter.m in Sources */,
				E73A65D71EBB73A0004181DB /* main.m in Sources */,
			);
			runOnlyForDeploymentPostprocessing = 0;
		};
		E73A65ED1EBB73A0004181DB /* Sources */ = {
			isa = PBXSourcesBuildPhase;
			buildActionMask = 2147483647;
			files = (
				E73A65F61EBB73A0004181DB /* LiberTests.m in Sources */,
			);
			runOnlyForDeploymentPostprocessing = 0;
		};
		E73A65F81EBB73A0004181DB /* Sources */ = {
			isa = PBXSourcesBuildPhase;
			buildActionMask = 2147483647;
			files = (
				E73A66011EBB73A0004181DB /* LiberUITests.m in Sources */,
			);
			runOnlyForDeploymentPostprocessing = 0;
		};
/* End PBXSourcesBuildPhase section */

/* Begin PBXTargetDependency section */
		E73A65F31EBB73A0004181DB /* PBXTargetDependency */ = {
			isa = PBXTargetDependency;
			target = E73A65D11EBB73A0004181DB /* Liber */;
			targetProxy = E73A65F21EBB73A0004181DB /* PBXContainerItemProxy */;
		};
		E73A65FE1EBB73A0004181DB /* PBXTargetDependency */ = {
			isa = PBXTargetDependency;
			target = E73A65D11EBB73A0004181DB /* Liber */;
			targetProxy = E73A65FD1EBB73A0004181DB /* PBXContainerItemProxy */;
		};
		E7C32BBC1ECD032F0038048E /* PBXTargetDependency */ = {
			isa = PBXTargetDependency;
			name = "libid3-ios";
			targetProxy = E7C32BBB1ECD032F0038048E /* PBXContainerItemProxy */;
		};
/* End PBXTargetDependency section */

/* Begin PBXVariantGroup section */
		E73A65E41EBB73A0004181DB /* Main.storyboard */ = {
			isa = PBXVariantGroup;
			children = (
				E73A65E51EBB73A0004181DB /* Base */,
			);
			name = Main.storyboard;
			sourceTree = "<group>";
		};
		E73A65E91EBB73A0004181DB /* LaunchScreen.storyboard */ = {
			isa = PBXVariantGroup;
			children = (
				E73A65EA1EBB73A0004181DB /* Base */,
			);
			name = LaunchScreen.storyboard;
			sourceTree = "<group>";
		};
/* End PBXVariantGroup section */

/* Begin XCBuildConfiguration section */
		E73A66031EBB73A0004181DB /* Debug */ = {
			isa = XCBuildConfiguration;
			buildSettings = {
				ALWAYS_SEARCH_USER_PATHS = NO;
				CLANG_ANALYZER_NONNULL = YES;
				CLANG_ANALYZER_NUMBER_OBJECT_CONVERSION = YES_AGGRESSIVE;
				CLANG_CXX_LANGUAGE_STANDARD = "gnu++0x";
				CLANG_CXX_LIBRARY = "libc++";
				CLANG_ENABLE_MODULES = YES;
				CLANG_ENABLE_OBJC_ARC = YES;
				CLANG_WARN_BOOL_CONVERSION = YES;
				CLANG_WARN_CONSTANT_CONVERSION = YES;
				CLANG_WARN_DIRECT_OBJC_ISA_USAGE = YES_ERROR;
				CLANG_WARN_DOCUMENTATION_COMMENTS = YES;
				CLANG_WARN_EMPTY_BODY = YES;
				CLANG_WARN_ENUM_CONVERSION = YES;
				CLANG_WARN_INFINITE_RECURSION = YES;
				CLANG_WARN_INT_CONVERSION = YES;
				CLANG_WARN_OBJC_ROOT_CLASS = YES_ERROR;
				CLANG_WARN_SUSPICIOUS_MOVE = YES;
				CLANG_WARN_UNREACHABLE_CODE = YES;
				CLANG_WARN__DUPLICATE_METHOD_MATCH = YES;
				"CODE_SIGN_IDENTITY[sdk=iphoneos*]" = "iPhone Developer";
				COPY_PHASE_STRIP = NO;
				DEBUG_INFORMATION_FORMAT = dwarf;
				ENABLE_STRICT_OBJC_MSGSEND = YES;
				ENABLE_TESTABILITY = YES;
				GCC_C_LANGUAGE_STANDARD = gnu99;
				GCC_DYNAMIC_NO_PIC = NO;
				GCC_NO_COMMON_BLOCKS = YES;
				GCC_OPTIMIZATION_LEVEL = 0;
				GCC_PREPROCESSOR_DEFINITIONS = (
					"DEBUG=1",
					"$(inherited)",
				);
				GCC_WARN_64_TO_32_BIT_CONVERSION = YES;
				GCC_WARN_ABOUT_RETURN_TYPE = YES_ERROR;
				GCC_WARN_UNDECLARED_SELECTOR = YES;
				GCC_WARN_UNINITIALIZED_AUTOS = YES_AGGRESSIVE;
				GCC_WARN_UNUSED_FUNCTION = YES;
				GCC_WARN_UNUSED_VARIABLE = YES;
				IPHONEOS_DEPLOYMENT_TARGET = 10.3;
				MTL_ENABLE_DEBUG_INFO = YES;
				ONLY_ACTIVE_ARCH = YES;
				SDKROOT = iphoneos;
				TARGETED_DEVICE_FAMILY = "1,2";
			};
			name = Debug;
		};
		E73A66041EBB73A0004181DB /* Release */ = {
			isa = XCBuildConfiguration;
			buildSettings = {
				ALWAYS_SEARCH_USER_PATHS = NO;
				CLANG_ANALYZER_NONNULL = YES;
				CLANG_ANALYZER_NUMBER_OBJECT_CONVERSION = YES_AGGRESSIVE;
				CLANG_CXX_LANGUAGE_STANDARD = "gnu++0x";
				CLANG_CXX_LIBRARY = "libc++";
				CLANG_ENABLE_MODULES = YES;
				CLANG_ENABLE_OBJC_ARC = YES;
				CLANG_WARN_BOOL_CONVERSION = YES;
				CLANG_WARN_CONSTANT_CONVERSION = YES;
				CLANG_WARN_DIRECT_OBJC_ISA_USAGE = YES_ERROR;
				CLANG_WARN_DOCUMENTATION_COMMENTS = YES;
				CLANG_WARN_EMPTY_BODY = YES;
				CLANG_WARN_ENUM_CONVERSION = YES;
				CLANG_WARN_INFINITE_RECURSION = YES;
				CLANG_WARN_INT_CONVERSION = YES;
				CLANG_WARN_OBJC_ROOT_CLASS = YES_ERROR;
				CLANG_WARN_SUSPICIOUS_MOVE = YES;
				CLANG_WARN_UNREACHABLE_CODE = YES;
				CLANG_WARN__DUPLICATE_METHOD_MATCH = YES;
				"CODE_SIGN_IDENTITY[sdk=iphoneos*]" = "iPhone Developer";
				COPY_PHASE_STRIP = NO;
				DEBUG_INFORMATION_FORMAT = "dwarf-with-dsym";
				ENABLE_NS_ASSERTIONS = NO;
				ENABLE_STRICT_OBJC_MSGSEND = YES;
				GCC_C_LANGUAGE_STANDARD = gnu99;
				GCC_NO_COMMON_BLOCKS = YES;
				GCC_WARN_64_TO_32_BIT_CONVERSION = YES;
				GCC_WARN_ABOUT_RETURN_TYPE = YES_ERROR;
				GCC_WARN_UNDECLARED_SELECTOR = YES;
				GCC_WARN_UNINITIALIZED_AUTOS = YES_AGGRESSIVE;
				GCC_WARN_UNUSED_FUNCTION = YES;
				GCC_WARN_UNUSED_VARIABLE = YES;
				IPHONEOS_DEPLOYMENT_TARGET = 10.3;
				MTL_ENABLE_DEBUG_INFO = NO;
				SDKROOT = iphoneos;
				TARGETED_DEVICE_FAMILY = "1,2";
				VALIDATE_PRODUCT = YES;
			};
			name = Release;
		};
		E73A66061EBB73A0004181DB /* Debug */ = {
			isa = XCBuildConfiguration;
			buildSettings = {
				ASSETCATALOG_COMPILER_APPICON_NAME = AppIcon;
				"CODE_SIGN_IDENTITY[sdk=iphoneos*]" = "iPhone Developer";
				DEVELOPMENT_TEAM = "";
				FRAMEWORK_SEARCH_PATHS = (
					"$(inherited)",
					"$(PROJECT_DIR)",
				);
				HEADER_SEARCH_PATHS = "$(SRCROOT)/../Vendor/libid3-ios/include/**";
				INFOPLIST_FILE = Liber/Info.plist;
				LD_RUNPATH_SEARCH_PATHS = "$(inherited) @executable_path/Frameworks";
				LIBRARY_SEARCH_PATHS = "$(SRCROOT)/../Vendor/libid3-ios/include";
				MOMC_NO_INVERSE_RELATIONSHIP_WARNINGS = YES;
				PRODUCT_BUNDLE_IDENTIFIER = CS.Liber;
				PRODUCT_NAME = "$(TARGET_NAME)";
				PROVISIONING_PROFILE_SPECIFIER = "";
			};
			name = Debug;
		};
		E73A66071EBB73A0004181DB /* Release */ = {
			isa = XCBuildConfiguration;
			buildSettings = {
				ASSETCATALOG_COMPILER_APPICON_NAME = AppIcon;
				"CODE_SIGN_IDENTITY[sdk=iphoneos*]" = "iPhone Developer";
				DEVELOPMENT_TEAM = "";
				FRAMEWORK_SEARCH_PATHS = (
					"$(inherited)",
					"$(PROJECT_DIR)",
				);
				HEADER_SEARCH_PATHS = "$(SRCROOT)/../Vendor/libid3-ios/include/**";
				INFOPLIST_FILE = Liber/Info.plist;
				LD_RUNPATH_SEARCH_PATHS = "$(inherited) @executable_path/Frameworks";
				LIBRARY_SEARCH_PATHS = "$(SRCROOT)/../Vendor/libid3-ios/include";
				MOMC_NO_INVERSE_RELATIONSHIP_WARNINGS = YES;
				PRODUCT_BUNDLE_IDENTIFIER = CS.Liber;
				PRODUCT_NAME = "$(TARGET_NAME)";
				PROVISIONING_PROFILE_SPECIFIER = "";
			};
			name = Release;
		};
		E73A66091EBB73A0004181DB /* Debug */ = {
			isa = XCBuildConfiguration;
			buildSettings = {
				BUNDLE_LOADER = "$(TEST_HOST)";
				DEVELOPMENT_TEAM = S4385JPV95;
				INFOPLIST_FILE = LiberTests/Info.plist;
				LD_RUNPATH_SEARCH_PATHS = "$(inherited) @executable_path/Frameworks @loader_path/Frameworks";
				PRODUCT_BUNDLE_IDENTIFIER = CS.LiberTests;
				PRODUCT_NAME = "$(TARGET_NAME)";
				TEST_HOST = "$(BUILT_PRODUCTS_DIR)/Liber.app/Liber";
			};
			name = Debug;
		};
		E73A660A1EBB73A0004181DB /* Release */ = {
			isa = XCBuildConfiguration;
			buildSettings = {
				BUNDLE_LOADER = "$(TEST_HOST)";
				DEVELOPMENT_TEAM = S4385JPV95;
				INFOPLIST_FILE = LiberTests/Info.plist;
				LD_RUNPATH_SEARCH_PATHS = "$(inherited) @executable_path/Frameworks @loader_path/Frameworks";
				PRODUCT_BUNDLE_IDENTIFIER = CS.LiberTests;
				PRODUCT_NAME = "$(TARGET_NAME)";
				TEST_HOST = "$(BUILT_PRODUCTS_DIR)/Liber.app/Liber";
			};
			name = Release;
		};
		E73A660C1EBB73A0004181DB /* Debug */ = {
			isa = XCBuildConfiguration;
			buildSettings = {
				DEVELOPMENT_TEAM = S4385JPV95;
				INFOPLIST_FILE = LiberUITests/Info.plist;
				LD_RUNPATH_SEARCH_PATHS = "$(inherited) @executable_path/Frameworks @loader_path/Frameworks";
				PRODUCT_BUNDLE_IDENTIFIER = CS.LiberUITests;
				PRODUCT_NAME = "$(TARGET_NAME)";
				TEST_TARGET_NAME = Liber;
			};
			name = Debug;
		};
		E73A660D1EBB73A0004181DB /* Release */ = {
			isa = XCBuildConfiguration;
			buildSettings = {
				DEVELOPMENT_TEAM = S4385JPV95;
				INFOPLIST_FILE = LiberUITests/Info.plist;
				LD_RUNPATH_SEARCH_PATHS = "$(inherited) @executable_path/Frameworks @loader_path/Frameworks";
				PRODUCT_BUNDLE_IDENTIFIER = CS.LiberUITests;
				PRODUCT_NAME = "$(TARGET_NAME)";
				TEST_TARGET_NAME = Liber;
			};
			name = Release;
		};
/* End XCBuildConfiguration section */

/* Begin XCConfigurationList section */
		E73A65CD1EBB73A0004181DB /* Build configuration list for PBXProject "Liber" */ = {
			isa = XCConfigurationList;
			buildConfigurations = (
				E73A66031EBB73A0004181DB /* Debug */,
				E73A66041EBB73A0004181DB /* Release */,
			);
			defaultConfigurationIsVisible = 0;
			defaultConfigurationName = Release;
		};
		E73A66051EBB73A0004181DB /* Build configuration list for PBXNativeTarget "Liber" */ = {
			isa = XCConfigurationList;
			buildConfigurations = (
				E73A66061EBB73A0004181DB /* Debug */,
				E73A66071EBB73A0004181DB /* Release */,
			);
			defaultConfigurationIsVisible = 0;
			defaultConfigurationName = Release;
		};
		E73A66081EBB73A0004181DB /* Build configuration list for PBXNativeTarget "LiberTests" */ = {
			isa = XCConfigurationList;
			buildConfigurations = (
				E73A66091EBB73A0004181DB /* Debug */,
				E73A660A1EBB73A0004181DB /* Release */,
			);
			defaultConfigurationIsVisible = 0;
			defaultConfigurationName = Release;
		};
		E73A660B1EBB73A0004181DB /* Build configuration list for PBXNativeTarget "LiberUITests" */ = {
			isa = XCConfigurationList;
			buildConfigurations = (
				E73A660C1EBB73A0004181DB /* Debug */,
				E73A660D1EBB73A0004181DB /* Release */,
			);
			defaultConfigurationIsVisible = 0;
			defaultConfigurationName = Release;
		};
/* End XCConfigurationList section */

/* Begin XCVersionGroup section */
		E73A65DB1EBB73A0004181DB /* Liber.xcdatamodeld */ = {
			isa = XCVersionGroup;
			children = (
				E73A65DC1EBB73A0004181DB /* Liber.xcdatamodel */,
			);
			currentVersion = E73A65DC1EBB73A0004181DB /* Liber.xcdatamodel */;
			path = Liber.xcdatamodeld;
			sourceTree = "<group>";
			versionGroupType = wrapper.xcdatamodel;
		};
/* End XCVersionGroup section */
	};
	rootObject = E73A65CA1EBB73A0004181DB /* Project object */;
}
